
Microsoft Visual Studio Solution File, Format Version 12.00
Project("{FAE04EC0-301F-11D3-BF4B-00C04F79EFBC}") = "GuestlineCodeTest", "GuestlineCodeTest\GuestlineCodeTest.csproj", "{28002EF0-2FBF-4D70-ACCB-DE08396E049D}"
EndProject
Project("{FAE04EC0-301F-11D3-BF4B-00C04F79EFBC}") = "GuestlineCodeTest.UnitTests", "GuestlineCodeTest.UnitTests\GuestlineCodeTest.UnitTests.csproj", "{8CE736FC-9DD5-47C6-A580-E00230DE866F}"
EndProject
Global
	GlobalSection(SolutionConfigurationPlatforms) = preSolution
		Debug|Any CPU = Debug|Any CPU
		Release|Any CPU = Release|Any CPU
	EndGlobalSection
	GlobalSection(ProjectConfigurationPlatforms) = postSolution
		{28002EF0-2FBF-4D70-ACCB-DE08396E049D}.Debug|Any CPU.ActiveCfg = Debug|Any CPU
		{28002EF0-2FBF-4D70-ACCB-DE08396E049D}.Debug|Any CPU.Build.0 = Debug|Any CPU
		{28002EF0-2FBF-4D70-ACCB-DE08396E049D}.Release|Any CPU.ActiveCfg = Release|Any CPU
		{28002EF0-2FBF-4D70-ACCB-DE08396E049D}.Release|Any CPU.Build.0 = Release|Any CPU
		{8CE736FC-9DD5-47C6-A580-E00230DE866F}.Debug|Any CPU.ActiveCfg = Debug|Any CPU
		{8CE736FC-9DD5-47C6-A580-E00230DE866F}.Debug|Any CPU.Build.0 = Debug|Any CPU
		{8CE736FC-9DD5-47C6-A580-E00230DE866F}.Release|Any CPU.ActiveCfg = Release|Any CPU
		{8CE736FC-9DD5-47C6-A580-E00230DE866F}.Release|Any CPU.Build.0 = Release|Any CPU
	EndGlobalSection
EndGlobal
